#
# This file is autogenerated by pip-compile with Python 3.14
# by the following command:
#
#    pip-compile --no-strip-extras --output-file=requirements.lock requirements.txt
#
asgiref==3.11.1
    # via
    #   channels
    #   daphne
    #   django
attrs==26.1.0
    # via
    #   service-identity
    #   twisted
autobahn==25.12.2
    # via daphne
automat==25.4.16
    # via twisted
cbor2==6.1.2
    # via autobahn
certifi==2026.5.20
    # via requests
cffi==2.0.0
    # via
    #   autobahn
    #   cryptography
channels==4.3.2
    # via -r requirements.txt
charset-normalizer==3.4.7
    # via requests
constantly==23.10.4
    # via twisted
cryptography==48.0.1
    # via
    #   autobahn
    #   pyopenssl
    #   service-identity
cssselect==1.4.0
    # via pyquery
daphne==4.2.2
    # via -r requirements.txt
django==6.0.6
    # via
    #   -r requirements.txt
    #   channels
h2==4.3.0
    # via twisted
hpack==4.1.0
    # via h2
hyperframe==6.1.0
    # via h2
hyperlink==21.0.0
    # via
    #   autobahn
    #   twisted
idna==3.18
    # via
    #   hyperlink
    #   requests
    #   twisted
incremental==24.11.0
    # via twisted
jinja2==3.1.6
    # via -r requirements.txt
lxml==6.1.1
    # via
    #   -r requirements.txt
    #   pyquery
markdown==3.10.2
    # via
    #   -r requirements.txt
    #   pymdown-extensions
markdown-it-py==4.2.0
    # via rich
markupsafe==3.0.3
    # via jinja2
mdurl==0.1.2
    # via markdown-it-py
msgpack==1.1.2
    # via autobahn
packaging==26.2
    # via incremental
priority==1.3.0
    # via twisted
py-ubjson==0.16.1
    # via autobahn
pycparser==3.0
    # via cffi
pygments==2.20.0
    # via
    #   -r requirements.txt
    #   rich
pymdown-extensions==10.21.3
    # via -r requirements.txt
pyopenssl==26.2.0
    # via twisted
pyquery==2.0.1
    # via -r requirements.txt
pyyaml==6.0.3
    # via
    #   -r requirements.txt
    #   pymdown-extensions
requests==2.34.2
    # via -r requirements.txt
rich==15.0.0
    # via -r requirements.txt
service-identity==26.1.0
    # via twisted
sqlparse==0.5.5
    # via django
twisted[http2,tls]==26.4.0
    # via
    #   -r requirements.txt
    #   daphne
txaio==25.12.2
    # via autobahn
types-markdown==3.10.2.20260518
    # via -r requirements.txt
types-pyyaml==6.0.12.20260518
    # via -r requirements.txt
types-requests==2.33.0.20260518
    # via -r requirements.txt
typing-extensions==4.15.0
    # via twisted
ujson==5.12.1
    # via autobahn
urllib3==2.7.0
    # via
    #   requests
    #   types-requests
whitenoise==6.12.0
    # via -r requirements.txt
zope-interface==8.5
    # via twisted
